// !$*UTF8*$!
{
	archiveVersion = 1;
	classes = {
	};
	objectVersion = 45;
	objects = {

/* Begin PBXBuildFile section */
		1D3623260D0F684500981E51 /* HelloWorldAppDelegate.m in Sources */ = {isa = PBXBuildFile; fileRef = 1D3623250D0F684500981E51 /* HelloWorldAppDelegate.m */; };
		1D60589B0D05DD56006BFB54 /* main.m in Sources */ = {isa = PBXBuildFile; fileRef = 29B97316FDCFA39411CA2CEA /* main.m */; };
		1D60589F0D05DD5A006BFB54 /* Foundation.framework in Frameworks */ = {isa = PBXBuildFile; fileRef = 1D30AB110D05D00D00671497 /* Foundation.framework */; };
		1DF5F4E00D08C38300B7A737 /* UIKit.framework in Frameworks */ = {isa = PBXBuildFile; fileRef = 1DF5F4DF0D08C38300B7A737 /* UIKit.framework */; };
		288765FD0DF74451002DB57D /* CoreGraphics.framework in Frameworks */ = {isa = PBXBuildFile; fileRef = 288765FC0DF74451002DB57D /* CoreGraphics.framework */; };
		3009C2AC127B894C007F4BC6 /* icon-72.png in Resources */ = {isa = PBXBuildFile; fileRef = 3009C2AA127B894C007F4BC6 /* icon-72.png */; };
		3009C2AD127B894C007F4BC6 /* icon@2x.png in Resources */ = {isa = PBXBuildFile; fileRef = 3009C2AB127B894C007F4BC6 /* icon@2x.png */; };
		3009C2B2127B897D007F4BC6 /* Default-Landscape.png in Resources */ = {isa = PBXBuildFile; fileRef = 3009C2B0127B897D007F4BC6 /* Default-Landscape.png */; };
		3009C2B3127B897D007F4BC6 /* Default-Portrait.png in Resources */ = {isa = PBXBuildFile; fileRef = 3009C2B1127B897D007F4BC6 /* Default-Portrait.png */; };
		301BF552109A68D80062928A /* libPhoneGapLib.a in Frameworks */ = {isa = PBXBuildFile; fileRef = 301BF535109A57CC0062928A /* libPhoneGapLib.a */; };
		301BF570109A69640062928A /* www in Resources */ = {isa = PBXBuildFile; fileRef = 301BF56E109A69640062928A /* www */; };
		301BF5B5109A6A2B0062928A /* AddressBook.framework in Frameworks */ = {isa = PBXBuildFile; fileRef = 301BF5B4109A6A2B0062928A /* AddressBook.framework */; };
		301BF5B7109A6A2B0062928A /* AddressBookUI.framework in Frameworks */ = {isa = PBXBuildFile; fileRef = 301BF5B6109A6A2B0062928A /* AddressBookUI.framework */; };
		301BF5B9109A6A2B0062928A /* AudioToolbox.framework in Frameworks */ = {isa = PBXBuildFile; fileRef = 301BF5B8109A6A2B0062928A /* AudioToolbox.framework */; };
		301BF5BB109A6A2B0062928A /* AVFoundation.framework in Frameworks */ = {isa = PBXBuildFile; fileRef = 301BF5BA109A6A2B0062928A /* AVFoundation.framework */; };
		301BF5BD109A6A2B0062928A /* CFNetwork.framework in Frameworks */ = {isa = PBXBuildFile; fileRef = 301BF5BC109A6A2B0062928A /* CFNetwork.framework */; };
		301BF5BF109A6A2B0062928A /* CoreLocation.framework in Frameworks */ = {isa = PBXBuildFile; fileRef = 301BF5BE109A6A2B0062928A /* CoreLocation.framework */; };
		301BF5C1109A6A2B0062928A /* MediaPlayer.framework in Frameworks */ = {isa = PBXBuildFile; fileRef = 301BF5C0109A6A2B0062928A /* MediaPlayer.framework */; };
		301BF5C3109A6A2B0062928A /* QuartzCore.framework in Frameworks */ = {isa = PBXBuildFile; fileRef = 301BF5C2109A6A2B0062928A /* QuartzCore.framework */; };
		301BF5C5109A6A2B0062928A /* SystemConfiguration.framework in Frameworks */ = {isa = PBXBuildFile; fileRef = 301BF5C4109A6A2B0062928A /* SystemConfiguration.framework */; };
		302CC88810CD8CCE00C49659 /* Default.png in Resources */ = {isa = PBXBuildFile; fileRef = 302CC88610CD8CCE00C49659 /* Default.png */; };
		302CC88910CD8CCE00C49659 /* icon.png in Resources */ = {isa = PBXBuildFile; fileRef = 302CC88710CD8CCE00C49659 /* icon.png */; };
		3053AC6F109B7857006FCFE7 /* VERSION in Resources */ = {isa = PBXBuildFile; fileRef = 3053AC6E109B7857006FCFE7 /* VERSION */; };
		305D5FD1115AB8F900A74A75 /* MobileCoreServices.framework in Frameworks */ = {isa = PBXBuildFile; fileRef = 305D5FD0115AB8F900A74A75 /* MobileCoreServices.framework */; };
		307D28A2123043360040C0FA /* PhoneGapBuildSettings.xcconfig in Resources */ = {isa = PBXBuildFile; fileRef = 307D28A1123043350040C0FA /* PhoneGapBuildSettings.xcconfig */; };
		30E1352710E2C1420031B30D /* PhoneGap.plist in Resources */ = {isa = PBXBuildFile; fileRef = 30E1352610E2C1420031B30D /* PhoneGap.plist */; };
		AD1B91E51325B06D0065792D /* buttons.png in Resources */ = {isa = PBXBuildFile; fileRef = AD1B91991325B06D0065792D /* buttons.png */; };
		AD1B91E61325B06D0065792D /* debugfont.png in Resources */ = {isa = PBXBuildFile; fileRef = AD1B919A1325B06D0065792D /* debugfont.png */; };
		AD1B91E71325B06D0065792D /* code.css in Resources */ = {isa = PBXBuildFile; fileRef = AD1B919C1325B06D0065792D /* code.css */; };
		AD1B91E81325B06D0065792D /* default.css in Resources */ = {isa = PBXBuildFile; fileRef = AD1B919E1325B06D0065792D /* default.css */; };
		AD1B91E91325B06D0065792D /* default.css in Resources */ = {isa = PBXBuildFile; fileRef = AD1B919F1325B06D0065792D /* default.css */; };
		AD1B91EA1325B06D0065792D /* files.html in Resources */ = {isa = PBXBuildFile; fileRef = AD1B91A01325B06D0065792D /* files.html */; };
		AD1B91EB1325B06D0065792D /* bg.png in Resources */ = {isa = PBXBuildFile; fileRef = AD1B91A21325B06D0065792D /* bg.png */; };
		AD1B91EC1325B06D0065792D /* class_default_obj.png in Resources */ = {isa = PBXBuildFile; fileRef = AD1B91A31325B06D0065792D /* class_default_obj.png */; };
		AD1B91ED1325B06D0065792D /* class_obj.png in Resources */ = {isa = PBXBuildFile; fileRef = AD1B91A41325B06D0065792D /* class_obj.png */; };
		AD1B91EE1325B06D0065792D /* collapsebtn.gif in Resources */ = {isa = PBXBuildFile; fileRef = AD1B91A51325B06D0065792D /* collapsebtn.gif */; };
		AD1B91EF1325B06D0065792D /* expandbtn.gif in Resources */ = {isa = PBXBuildFile; fileRef = AD1B91A61325B06D0065792D /* expandbtn.gif */; };
		AD1B91F01325B06D0065792D /* field_private_obj.png in Resources */ = {isa = PBXBuildFile; fileRef = AD1B91A71325B06D0065792D /* field_private_obj.png */; };
		AD1B91F11325B06D0065792D /* field_public_obj.png in Resources */ = {isa = PBXBuildFile; fileRef = AD1B91A81325B06D0065792D /* field_public_obj.png */; };
		AD1B91F21325B06D0065792D /* file_obj.png in Resources */ = {isa = PBXBuildFile; fileRef = AD1B91A91325B06D0065792D /* file_obj.png */; };
		AD1B91F31325B06D0065792D /* method_private_obj.png in Resources */ = {isa = PBXBuildFile; fileRef = AD1B91AA1325B06D0065792D /* method_private_obj.png */; };
		AD1B91F41325B06D0065792D /* method_public_obj.png in Resources */ = {isa = PBXBuildFile; fileRef = AD1B91AB1325B06D0065792D /* method_public_obj.png */; };
		AD1B91F51325B06D0065792D /* minus.gif in Resources */ = {isa = PBXBuildFile; fileRef = AD1B91AC1325B06D0065792D /* minus.gif */; };
		AD1B91F61325B06D0065792D /* namespace_function_obj.png in Resources */ = {isa = PBXBuildFile; fileRef = AD1B91AD1325B06D0065792D /* namespace_function_obj.png */; };
		AD1B91F71325B06D0065792D /* namespace_obj.png in Resources */ = {isa = PBXBuildFile; fileRef = AD1B91AE1325B06D0065792D /* namespace_obj.png */; };
		AD1B91F81325B06D0065792D /* never_translate.png in Resources */ = {isa = PBXBuildFile; fileRef = AD1B91AF1325B06D0065792D /* never_translate.png */; };
		AD1B91F91325B06D0065792D /* plus.gif in Resources */ = {isa = PBXBuildFile; fileRef = AD1B91B01325B06D0065792D /* plus.gif */; };
		AD1B91FA1325B06D0065792D /* index.html in Resources */ = {isa = PBXBuildFile; fileRef = AD1B91B11325B06D0065792D /* index.html */; };
		AD1B91FB1325B06D0065792D /* jproton.js in Sources */ = {isa = PBXBuildFile; fileRef = AD1B91B21325B06D0065792D /* jproton.js */; };
		AD1B91FC1325B06D0065792D /* sh.css in Resources */ = {isa = PBXBuildFile; fileRef = AD1B91B31325B06D0065792D /* sh.css */; };
		AD1B91FD1325B06D0065792D /* sh.js in Sources */ = {isa = PBXBuildFile; fileRef = AD1B91B41325B06D0065792D /* sh.js */; };
		AD1B91FE1325B06D0065792D /* _global_.html in Resources */ = {isa = PBXBuildFile; fileRef = AD1B91B61325B06D0065792D /* _global_.html */; };
		AD1B91FF1325B06D0065792D /* gamecycle.html in Resources */ = {isa = PBXBuildFile; fileRef = AD1B91B71325B06D0065792D /* gamecycle.html */; };
		AD1B92001325B06D0065792D /* gbox.html in Resources */ = {isa = PBXBuildFile; fileRef = AD1B91B81325B06D0065792D /* gbox.html */; };
		AD1B92011325B06D0065792D /* help.html in Resources */ = {isa = PBXBuildFile; fileRef = AD1B91B91325B06D0065792D /* help.html */; };
		AD1B92021325B06D0065792D /* iphopad.html in Resources */ = {isa = PBXBuildFile; fileRef = AD1B91BA1325B06D0065792D /* iphopad.html */; };
		AD1B92031325B06D0065792D /* c__Users_Darius_Desktop_akihabara-1.1_kesiev_akihabara_akihabara_gamecycle.js.html in Resources */ = {isa = PBXBuildFile; fileRef = AD1B91BC1325B06D0065792D /* c__Users_Darius_Desktop_akihabara-1.1_kesiev_akihabara_akihabara_gamecycle.js.html */; };
		AD1B92041325B06D0065792D /* c__Users_Darius_Desktop_akihabara-1.1_kesiev_akihabara_akihabara_gbox.js.html in Resources */ = {isa = PBXBuildFile; fileRef = AD1B91BD1325B06D0065792D /* c__Users_Darius_Desktop_akihabara-1.1_kesiev_akihabara_akihabara_gbox.js.html */; };
		AD1B92051325B06D0065792D /* c__Users_Darius_Desktop_akihabara-1.1_kesiev_akihabara_akihabara_help.js.html in Resources */ = {isa = PBXBuildFile; fileRef = AD1B91BE1325B06D0065792D /* c__Users_Darius_Desktop_akihabara-1.1_kesiev_akihabara_akihabara_help.js.html */; };
		AD1B92061325B06D0065792D /* c__Users_Darius_Desktop_akihabara-1.1_kesiev_akihabara_akihabara_iphofretboard.js.html in Resources */ = {isa = PBXBuildFile; fileRef = AD1B91BF1325B06D0065792D /* c__Users_Darius_Desktop_akihabara-1.1_kesiev_akihabara_akihabara_iphofretboard.js.html */; };
		AD1B92071325B06D0065792D /* c__Users_Darius_Desktop_akihabara-1.1_kesiev_akihabara_akihabara_iphopad.js.html in Resources */ = {isa = PBXBuildFile; fileRef = AD1B91C01325B06D0065792D /* c__Users_Darius_Desktop_akihabara-1.1_kesiev_akihabara_akihabara_iphopad.js.html */; };
		AD1B92081325B06D0065792D /* c__Users_Darius_Desktop_akihabara-1.1_kesiev_akihabara_akihabara_tool.js.html in Resources */ = {isa = PBXBuildFile; fileRef = AD1B91C11325B06D0065792D /* c__Users_Darius_Desktop_akihabara-1.1_kesiev_akihabara_akihabara_tool.js.html */; };
		AD1B92091325B06D0065792D /* c__Users_Darius_Desktop_akihabara-1.1_kesiev_akihabara_akihabara_toys.js.html in Resources */ = {isa = PBXBuildFile; fileRef = AD1B91C21325B06D0065792D /* c__Users_Darius_Desktop_akihabara-1.1_kesiev_akihabara_akihabara_toys.js.html */; };
		AD1B920A1325B06D0065792D /* c__Users_Darius_Desktop_akihabara-1.1_kesiev_akihabara_akihabara_trigo.js.html in Resources */ = {isa = PBXBuildFile; fileRef = AD1B91C31325B06D0065792D /* c__Users_Darius_Desktop_akihabara-1.1_kesiev_akihabara_akihabara_trigo.js.html */; };
		AD1B920B1325B06D0065792D /* tool.html in Resources */ = {isa = PBXBuildFile; fileRef = AD1B91C41325B06D0065792D /* tool.html */; };
		AD1B920C1325B06D0065792D /* toys.html in Resources */ = {isa = PBXBuildFile; fileRef = AD1B91C51325B06D0065792D /* toys.html */; };
		AD1B920D1325B06D0065792D /* toys.platformer.html in Resources */ = {isa = PBXBuildFile; fileRef = AD1B91C61325B06D0065792D /* toys.platformer.html */; };
		AD1B920E1325B06D0065792D /* toys.shmup.html in Resources */ = {isa = PBXBuildFile; fileRef = AD1B91C71325B06D0065792D /* toys.shmup.html */; };
		AD1B920F1325B06D0065792D /* toys.timer.html in Resources */ = {isa = PBXBuildFile; fileRef = AD1B91C81325B06D0065792D /* toys.timer.html */; };
		AD1B92101325B06D0065792D /* toys.topview.html in Resources */ = {isa = PBXBuildFile; fileRef = AD1B91C91325B06D0065792D /* toys.topview.html */; };
		AD1B92111325B06D0065792D /* trigo.html in Resources */ = {isa = PBXBuildFile; fileRef = AD1B91CA1325B06D0065792D /* trigo.html */; };
		AD1B92121325B06D0065792D /* ui.js in Sources */ = {isa = PBXBuildFile; fileRef = AD1B91CB1325B06D0065792D /* ui.js */; };
		AD1B92131325B06D0065792D /* dpad.png in Resources */ = {isa = PBXBuildFile; fileRef = AD1B91CC1325B06D0065792D /* dpad.png */; };
		AD1B92141325B06D0065792D /* fretboard.png in Resources */ = {isa = PBXBuildFile; fileRef = AD1B91CD1325B06D0065792D /* fretboard.png */; };
		AD1B92151325B06D0065792D /* gamecycle.js in Sources */ = {isa = PBXBuildFile; fileRef = AD1B91CE1325B06D0065792D /* gamecycle.js */; };
		AD1B92161325B06D0065792D /* gbox.js in Sources */ = {isa = PBXBuildFile; fileRef = AD1B91CF1325B06D0065792D /* gbox.js */; };
		AD1B92171325B06D0065792D /* help.js in Sources */ = {isa = PBXBuildFile; fileRef = AD1B91D01325B06D0065792D /* help.js */; };
		AD1B92181325B06D0065792D /* iphofretboard.js in Sources */ = {isa = PBXBuildFile; fileRef = AD1B91D11325B06D0065792D /* iphofretboard.js */; };
		AD1B92191325B06D0065792D /* iphopad.js in Sources */ = {isa = PBXBuildFile; fileRef = AD1B91D21325B06D0065792D /* iphopad.js */; };
		AD1B921A1325B06D0065792D /* padbg.png in Resources */ = {isa = PBXBuildFile; fileRef = AD1B91D31325B06D0065792D /* padbg.png */; };
		AD1B921B1325B06D0065792D /* splash.png in Resources */ = {isa = PBXBuildFile; fileRef = AD1B91D41325B06D0065792D /* splash.png */; };
		AD1B921C1325B06D0065792D /* tool.js in Sources */ = {isa = PBXBuildFile; fileRef = AD1B91D51325B06D0065792D /* tool.js */; };
		AD1B921D1325B06D0065792D /* toys.js in Sources */ = {isa = PBXBuildFile; fileRef = AD1B91D61325B06D0065792D /* toys.js */; };
		AD1B921E1325B06D0065792D /* trigo.js in Sources */ = {isa = PBXBuildFile; fileRef = AD1B91D71325B06D0065792D /* trigo.js */; };
		AD1B921F1325B06D0065792D /* akibahero-mapper.html in Resources */ = {isa = PBXBuildFile; fileRef = AD1B91DA1325B06D0065792D /* akibahero-mapper.html */; };
		AD1B92201325B06D0065792D /* empty.png in Resources */ = {isa = PBXBuildFile; fileRef = AD1B91DC1325B06D0065792D /* empty.png */; };
		AD1B92211325B06D0065792D /* gridgenerator.js in Sources */ = {isa = PBXBuildFile; fileRef = AD1B91DE1325B06D0065792D /* gridgenerator.js */; };
		AD1B92221325B06D0065792D /* index.html in Resources */ = {isa = PBXBuildFile; fileRef = AD1B91DF1325B06D0065792D /* index.html */; };
		AD1B92231325B06D0065792D /* templates.js in Sources */ = {isa = PBXBuildFile; fileRef = AD1B91E01325B06D0065792D /* templates.js */; };
		AD1B92241325B06D0065792D /* makecore.sh in Resources */ = {isa = PBXBuildFile; fileRef = AD1B91E11325B06D0065792D /* makecore.sh */; };
		AD1B92251325B06D0065792D /* game-tlol.html in Resources */ = {isa = PBXBuildFile; fileRef = AD1B91E21325B06D0065792D /* game-tlol.html */; };
		AD1B92261325B06D0065792D /* phonegap.0.9.4.js in Sources */ = {isa = PBXBuildFile; fileRef = AD1B91E31325B06D0065792D /* phonegap.0.9.4.js */; };
		AD1B92271325B06D0065792D /* phonegap.0.9.4.min.js in Sources */ = {isa = PBXBuildFile; fileRef = AD1B91E41325B06D0065792D /* phonegap.0.9.4.min.js */; };
/* End PBXBuildFile section */

/* Begin PBXContainerItemProxy section */
		301BF534109A57CC0062928A /* PBXContainerItemProxy */ = {
			isa = PBXContainerItemProxy;
			containerPortal = 301BF52D109A57CC0062928A /* PhoneGapLib.xcodeproj */;
			proxyType = 2;
			remoteGlobalIDString = D2AAC07E0554694100DB518D;
			remoteInfo = PhoneGapLib;
		};
		301BF550109A68C00062928A /* PBXContainerItemProxy */ = {
			isa = PBXContainerItemProxy;
			containerPortal = 301BF52D109A57CC0062928A /* PhoneGapLib.xcodeproj */;
			proxyType = 1;
			remoteGlobalIDString = D2AAC07D0554694100DB518D;
			remoteInfo = PhoneGapLib;
		};
/* End PBXContainerItemProxy section */

/* Begin PBXFileReference section */
		1D30AB110D05D00D00671497 /* Foundation.framework */ = {isa = PBXFileReference; lastKnownFileType = wrapper.framework; name = Foundation.framework; path = System/Library/Frameworks/Foundation.framework; sourceTree = SDKROOT; };
		1D3623240D0F684500981E51 /* HelloWorldAppDelegate.h */ = {isa = PBXFileReference; fileEncoding = 4; lastKnownFileType = sourcecode.c.h; path = HelloWorldAppDelegate.h; sourceTree = "<group>"; };
		1D3623250D0F684500981E51 /* HelloWorldAppDelegate.m */ = {isa = PBXFileReference; fileEncoding = 4; lastKnownFileType = sourcecode.c.objc; path = HelloWorldAppDelegate.m; sourceTree = "<group>"; };
		1D6058910D05DD3D006BFB54 /* HelloWorld.app */ = {isa = PBXFileReference; explicitFileType = wrapper.application; includeInIndex = 0; path = HelloWorld.app; sourceTree = BUILT_PRODUCTS_DIR; };
		1DF5F4DF0D08C38300B7A737 /* UIKit.framework */ = {isa = PBXFileReference; lastKnownFileType = wrapper.framework; name = UIKit.framework; path = System/Library/Frameworks/UIKit.framework; sourceTree = SDKROOT; };
		288765FC0DF74451002DB57D /* CoreGraphics.framework */ = {isa = PBXFileReference; lastKnownFileType = wrapper.framework; name = CoreGraphics.framework; path = System/Library/Frameworks/CoreGraphics.framework; sourceTree = SDKROOT; };
		29B97316FDCFA39411CA2CEA /* main.m */ = {isa = PBXFileReference; fileEncoding = 4; lastKnownFileType = sourcecode.c.objc; path = main.m; sourceTree = "<group>"; };
		3009C2AA127B894C007F4BC6 /* icon-72.png */ = {isa = PBXFileReference; lastKnownFileType = image.png; path = "icon-72.png"; sourceTree = "<group>"; };
		3009C2AB127B894C007F4BC6 /* icon@2x.png */ = {isa = PBXFileReference; lastKnownFileType = image.png; path = "icon@2x.png"; sourceTree = "<group>"; };
		3009C2B0127B897D007F4BC6 /* Default-Landscape.png */ = {isa = PBXFileReference; lastKnownFileType = image.png; path = "Default-Landscape.png"; sourceTree = "<group>"; };
		3009C2B1127B897D007F4BC6 /* Default-Portrait.png */ = {isa = PBXFileReference; lastKnownFileType = image.png; path = "Default-Portrait.png"; sourceTree = "<group>"; };
		301BF52D109A57CC0062928A /* PhoneGapLib.xcodeproj */ = {isa = PBXFileReference; lastKnownFileType = "wrapper.pb-project"; path = PhoneGapLib.xcodeproj; sourceTree = PHONEGAPLIB; };
		301BF56E109A69640062928A /* www */ = {isa = PBXFileReference; lastKnownFileType = folder; path = www; sourceTree = SOURCE_ROOT; };
		301BF5B4109A6A2B0062928A /* AddressBook.framework */ = {isa = PBXFileReference; lastKnownFileType = wrapper.framework; name = AddressBook.framework; path = System/Library/Frameworks/AddressBook.framework; sourceTree = SDKROOT; };
		301BF5B6109A6A2B0062928A /* AddressBookUI.framework */ = {isa = PBXFileReference; lastKnownFileType = wrapper.framework; name = AddressBookUI.framework; path = System/Library/Frameworks/AddressBookUI.framework; sourceTree = SDKROOT; };
		301BF5B8109A6A2B0062928A /* AudioToolbox.framework */ = {isa = PBXFileReference; lastKnownFileType = wrapper.framework; name = AudioToolbox.framework; path = System/Library/Frameworks/AudioToolbox.framework; sourceTree = SDKROOT; };
		301BF5BA109A6A2B0062928A /* AVFoundation.framework */ = {isa = PBXFileReference; lastKnownFileType = wrapper.framework; name = AVFoundation.framework; path = System/Library/Frameworks/AVFoundation.framework; sourceTree = SDKROOT; };
		301BF5BC109A6A2B0062928A /* CFNetwork.framework */ = {isa = PBXFileReference; lastKnownFileType = wrapper.framework; name = CFNetwork.framework; path = System/Library/Frameworks/CFNetwork.framework; sourceTree = SDKROOT; };
		301BF5BE109A6A2B0062928A /* CoreLocation.framework */ = {isa = PBXFileReference; lastKnownFileType = wrapper.framework; name = CoreLocation.framework; path = System/Library/Frameworks/CoreLocation.framework; sourceTree = SDKROOT; };
		301BF5C0109A6A2B0062928A /* MediaPlayer.framework */ = {isa = PBXFileReference; lastKnownFileType = wrapper.framework; name = MediaPlayer.framework; path = System/Library/Frameworks/MediaPlayer.framework; sourceTree = SDKROOT; };
		301BF5C2109A6A2B0062928A /* QuartzCore.framework */ = {isa = PBXFileReference; lastKnownFileType = wrapper.framework; name = QuartzCore.framework; path = System/Library/Frameworks/QuartzCore.framework; sourceTree = SDKROOT; };
		301BF5C4109A6A2B0062928A /* SystemConfiguration.framework */ = {isa = PBXFileReference; lastKnownFileType = wrapper.framework; name = SystemConfiguration.framework; path = System/Library/Frameworks/SystemConfiguration.framework; sourceTree = SDKROOT; };
		302CC88610CD8CCE00C49659 /* Default.png */ = {isa = PBXFileReference; lastKnownFileType = image.png; path = Default.png; sourceTree = "<group>"; };
		302CC88710CD8CCE00C49659 /* icon.png */ = {isa = PBXFileReference; lastKnownFileType = image.png; path = icon.png; sourceTree = "<group>"; };
		3053AC6E109B7857006FCFE7 /* VERSION */ = {isa = PBXFileReference; fileEncoding = 4; lastKnownFileType = text; path = VERSION; sourceTree = PHONEGAPLIB; };
		305D5FD0115AB8F900A74A75 /* MobileCoreServices.framework */ = {isa = PBXFileReference; lastKnownFileType = wrapper.framework; name = MobileCoreServices.framework; path = System/Library/Frameworks/MobileCoreServices.framework; sourceTree = SDKROOT; };
		307D28A1123043350040C0FA /* PhoneGapBuildSettings.xcconfig */ = {isa = PBXFileReference; fileEncoding = 4; lastKnownFileType = text.xcconfig; path = PhoneGapBuildSettings.xcconfig; sourceTree = "<group>"; };
		30E1352610E2C1420031B30D /* PhoneGap.plist */ = {isa = PBXFileReference; fileEncoding = 4; lastKnownFileType = text.plist.xml; path = PhoneGap.plist; sourceTree = "<group>"; };
		32CA4F630368D1EE00C91783 /* HelloWorld_Prefix.pch */ = {isa = PBXFileReference; fileEncoding = 4; lastKnownFileType = sourcecode.c.h; path = HelloWorld_Prefix.pch; sourceTree = "<group>"; };
		8D1107310486CEB800E47090 /* HelloWorld-Info.plist */ = {isa = PBXFileReference; fileEncoding = 4; lastKnownFileType = text.plist.xml; path = "HelloWorld-Info.plist"; plistStructureDefinitionIdentifier = "com.apple.xcode.plist.structure-definition.iphone.info-plist"; sourceTree = "<group>"; };
		AD1B91991325B06D0065792D /* buttons.png */ = {isa = PBXFileReference; lastKnownFileType = image.png; path = buttons.png; sourceTree = "<group>"; };
		AD1B919A1325B06D0065792D /* debugfont.png */ = {isa = PBXFileReference; lastKnownFileType = image.png; path = debugfont.png; sourceTree = "<group>"; };
		AD1B919C1325B06D0065792D /* code.css */ = {isa = PBXFileReference; fileEncoding = 4; lastKnownFileType = text.css; path = code.css; sourceTree = "<group>"; };
		AD1B919E1325B06D0065792D /* default.css */ = {isa = PBXFileReference; fileEncoding = 4; lastKnownFileType = text.css; path = default.css; sourceTree = "<group>"; };
		AD1B919F1325B06D0065792D /* default.css */ = {isa = PBXFileReference; fileEncoding = 4; lastKnownFileType = text.css; path = default.css; sourceTree = "<group>"; };
		AD1B91A01325B06D0065792D /* files.html */ = {isa = PBXFileReference; fileEncoding = 4; lastKnownFileType = text.html; path = files.html; sourceTree = "<group>"; };
		AD1B91A21325B06D0065792D /* bg.png */ = {isa = PBXFileReference; lastKnownFileType = image.png; path = bg.png; sourceTree = "<group>"; };
		AD1B91A31325B06D0065792D /* class_default_obj.png */ = {isa = PBXFileReference; lastKnownFileType = image.png; path = class_default_obj.png; sourceTree = "<group>"; };
		AD1B91A41325B06D0065792D /* class_obj.png */ = {isa = PBXFileReference; lastKnownFileType = image.png; path = class_obj.png; sourceTree = "<group>"; };
		AD1B91A51325B06D0065792D /* collapsebtn.gif */ = {isa = PBXFileReference; lastKnownFileType = image.gif; path = collapsebtn.gif; sourceTree = "<group>"; };
		AD1B91A61325B06D0065792D /* expandbtn.gif */ = {isa = PBXFileReference; lastKnownFileType = image.gif; path = expandbtn.gif; sourceTree = "<group>"; };
		AD1B91A71325B06D0065792D /* field_private_obj.png */ = {isa = PBXFileReference; lastKnownFileType = image.png; path = field_private_obj.png; sourceTree = "<group>"; };
		AD1B91A81325B06D0065792D /* field_public_obj.png */ = {isa = PBXFileReference; lastKnownFileType = image.png; path = field_public_obj.png; sourceTree = "<group>"; };
		AD1B91A91325B06D0065792D /* file_obj.png */ = {isa = PBXFileReference; lastKnownFileType = image.png; path = file_obj.png; sourceTree = "<group>"; };
		AD1B91AA1325B06D0065792D /* method_private_obj.png */ = {isa = PBXFileReference; lastKnownFileType = image.png; path = method_private_obj.png; sourceTree = "<group>"; };
		AD1B91AB1325B06D0065792D /* method_public_obj.png */ = {isa = PBXFileReference; lastKnownFileType = image.png; path = method_public_obj.png; sourceTree = "<group>"; };
		AD1B91AC1325B06D0065792D /* minus.gif */ = {isa = PBXFileReference; lastKnownFileType = image.gif; path = minus.gif; sourceTree = "<group>"; };
		AD1B91AD1325B06D0065792D /* namespace_function_obj.png */ = {isa = PBXFileReference; lastKnownFileType = image.png; path = namespace_function_obj.png; sourceTree = "<group>"; };
		AD1B91AE1325B06D0065792D /* namespace_obj.png */ = {isa = PBXFileReference; lastKnownFileType = image.png; path = namespace_obj.png; sourceTree = "<group>"; };
		AD1B91AF1325B06D0065792D /* never_translate.png */ = {isa = PBXFileReference; lastKnownFileType = image.png; path = never_translate.png; sourceTree = "<group>"; };
		AD1B91B01325B06D0065792D /* plus.gif */ = {isa = PBXFileReference; lastKnownFileType = image.gif; path = plus.gif; sourceTree = "<group>"; };
		AD1B91B11325B06D0065792D /* index.html */ = {isa = PBXFileReference; fileEncoding = 4; lastKnownFileType = text.html; path = index.html; sourceTree = "<group>"; };
		AD1B91B21325B06D0065792D /* jproton.js */ = {isa = PBXFileReference; fileEncoding = 4; lastKnownFileType = sourcecode.javascript; path = jproton.js; sourceTree = "<group>"; };
		AD1B91B31325B06D0065792D /* sh.css */ = {isa = PBXFileReference; fileEncoding = 4; lastKnownFileType = text.css; path = sh.css; sourceTree = "<group>"; };
		AD1B91B41325B06D0065792D /* sh.js */ = {isa = PBXFileReference; fileEncoding = 4; lastKnownFileType = sourcecode.javascript; path = sh.js; sourceTree = "<group>"; };
		AD1B91B61325B06D0065792D /* _global_.html */ = {isa = PBXFileReference; fileEncoding = 4; lastKnownFileType = text.html; path = _global_.html; sourceTree = "<group>"; };
		AD1B91B71325B06D0065792D /* gamecycle.html */ = {isa = PBXFileReference; fileEncoding = 4; lastKnownFileType = text.html; path = gamecycle.html; sourceTree = "<group>"; };
		AD1B91B81325B06D0065792D /* gbox.html */ = {isa = PBXFileReference; fileEncoding = 4; lastKnownFileType = text.html; path = gbox.html; sourceTree = "<group>"; };
		AD1B91B91325B06D0065792D /* help.html */ = {isa = PBXFileReference; fileEncoding = 4; lastKnownFileType = text.html; path = help.html; sourceTree = "<group>"; };
		AD1B91BA1325B06D0065792D /* iphopad.html */ = {isa = PBXFileReference; fileEncoding = 4; lastKnownFileType = text.html; path = iphopad.html; sourceTree = "<group>"; };
		AD1B91BC1325B06D0065792D /* c__Users_Darius_Desktop_akihabara-1.1_kesiev_akihabara_akihabara_gamecycle.js.html */ = {isa = PBXFileReference; fileEncoding = 4; lastKnownFileType = text.html; path = "c__Users_Darius_Desktop_akihabara-1.1_kesiev_akihabara_akihabara_gamecycle.js.html"; sourceTree = "<group>"; };
		AD1B91BD1325B06D0065792D /* c__Users_Darius_Desktop_akihabara-1.1_kesiev_akihabara_akihabara_gbox.js.html */ = {isa = PBXFileReference; fileEncoding = 4; lastKnownFileType = text.html; path = "c__Users_Darius_Desktop_akihabara-1.1_kesiev_akihabara_akihabara_gbox.js.html"; sourceTree = "<group>"; };
		AD1B91BE1325B06D0065792D /* c__Users_Darius_Desktop_akihabara-1.1_kesiev_akihabara_akihabara_help.js.html */ = {isa = PBXFileReference; fileEncoding = 4; lastKnownFileType = text.html; path = "c__Users_Darius_Desktop_akihabara-1.1_kesiev_akihabara_akihabara_help.js.html"; sourceTree = "<group>"; };
		AD1B91BF1325B06D0065792D /* c__Users_Darius_Desktop_akihabara-1.1_kesiev_akihabara_akihabara_iphofretboard.js.html */ = {isa = PBXFileReference; fileEncoding = 4; lastKnownFileType = text.html; path = "c__Users_Darius_Desktop_akihabara-1.1_kesiev_akihabara_akihabara_iphofretboard.js.html"; sourceTree = "<group>"; };
		AD1B91C01325B06D0065792D /* c__Users_Darius_Desktop_akihabara-1.1_kesiev_akihabara_akihabara_iphopad.js.html */ = {isa = PBXFileReference; fileEncoding = 4; lastKnownFileType = text.html; path = "c__Users_Darius_Desktop_akihabara-1.1_kesiev_akihabara_akihabara_iphopad.js.html"; sourceTree = "<group>"; };
		AD1B91C11325B06D0065792D /* c__Users_Darius_Desktop_akihabara-1.1_kesiev_akihabara_akihabara_tool.js.html */ = {isa = PBXFileReference; fileEncoding = 4; lastKnownFileType = text.html; path = "c__Users_Darius_Desktop_akihabara-1.1_kesiev_akihabara_akihabara_tool.js.html"; sourceTree = "<group>"; };
		AD1B91C21325B06D0065792D /* c__Users_Darius_Desktop_akihabara-1.1_kesiev_akihabara_akihabara_toys.js.html */ = {isa = PBXFileReference; fileEncoding = 4; lastKnownFileType = text.html; path = "c__Users_Darius_Desktop_akihabara-1.1_kesiev_akihabara_akihabara_toys.js.html"; sourceTree = "<group>"; };
		AD1B91C31325B06D0065792D /* c__Users_Darius_Desktop_akihabara-1.1_kesiev_akihabara_akihabara_trigo.js.html */ = {isa = PBXFileReference; fileEncoding = 4; lastKnownFileType = text.html; path = "c__Users_Darius_Desktop_akihabara-1.1_kesiev_akihabara_akihabara_trigo.js.html"; sourceTree = "<group>"; };
		AD1B91C41325B06D0065792D /* tool.html */ = {isa = PBXFileReference; fileEncoding = 4; lastKnownFileType = text.html; path = tool.html; sourceTree = "<group>"; };
		AD1B91C51325B06D0065792D /* toys.html */ = {isa = PBXFileReference; fileEncoding = 4; lastKnownFileType = text.html; path = toys.html; sourceTree = "<group>"; };
		AD1B91C61325B06D0065792D /* toys.platformer.html */ = {isa = PBXFileReference; fileEncoding = 4; lastKnownFileType = text.html; path = toys.platformer.html; sourceTree = "<group>"; };
		AD1B91C71325B06D0065792D /* toys.shmup.html */ = {isa = PBXFileReference; fileEncoding = 4; lastKnownFileType = text.html; path = toys.shmup.html; sourceTree = "<group>"; };
		AD1B91C81325B06D0065792D /* toys.timer.html */ = {isa = PBXFileReference; fileEncoding = 4; lastKnownFileType = text.html; path = toys.timer.html; sourceTree = "<group>"; };
		AD1B91C91325B06D0065792D /* toys.topview.html */ = {isa = PBXFileReference; fileEncoding = 4; lastKnownFileType = text.html; path = toys.topview.html; sourceTree = "<group>"; };
		AD1B91CA1325B06D0065792D /* trigo.html */ = {isa = PBXFileReference; fileEncoding = 4; lastKnownFileType = text.html; path = trigo.html; sourceTree = "<group>"; };
		AD1B91CB1325B06D0065792D /* ui.js */ = {isa = PBXFileReference; fileEncoding = 4; lastKnownFileType = sourcecode.javascript; path = ui.js; sourceTree = "<group>"; };
		AD1B91CC1325B06D0065792D /* dpad.png */ = {isa = PBXFileReference; lastKnownFileType = image.png; path = dpad.png; sourceTree = "<group>"; };
		AD1B91CD1325B06D0065792D /* fretboard.png */ = {isa = PBXFileReference; lastKnownFileType = image.png; path = fretboard.png; sourceTree = "<group>"; };
		AD1B91CE1325B06D0065792D /* gamecycle.js */ = {isa = PBXFileReference; fileEncoding = 4; lastKnownFileType = sourcecode.javascript; path = gamecycle.js; sourceTree = "<group>"; };
		AD1B91CF1325B06D0065792D /* gbox.js */ = {isa = PBXFileReference; fileEncoding = 4; lastKnownFileType = sourcecode.javascript; path = gbox.js; sourceTree = "<group>"; };
		AD1B91D01325B06D0065792D /* help.js */ = {isa = PBXFileReference; fileEncoding = 4; lastKnownFileType = sourcecode.javascript; path = help.js; sourceTree = "<group>"; };
		AD1B91D11325B06D0065792D /* iphofretboard.js */ = {isa = PBXFileReference; fileEncoding = 4; lastKnownFileType = sourcecode.javascript; path = iphofretboard.js; sourceTree = "<group>"; };
		AD1B91D21325B06D0065792D /* iphopad.js */ = {isa = PBXFileReference; fileEncoding = 4; lastKnownFileType = sourcecode.javascript; path = iphopad.js; sourceTree = "<group>"; };
		AD1B91D31325B06D0065792D /* padbg.png */ = {isa = PBXFileReference; lastKnownFileType = image.png; path = padbg.png; sourceTree = "<group>"; };
		AD1B91D41325B06D0065792D /* splash.png */ = {isa = PBXFileReference; lastKnownFileType = image.png; path = splash.png; sourceTree = "<group>"; };
		AD1B91D51325B06D0065792D /* tool.js */ = {isa = PBXFileReference; fileEncoding = 4; lastKnownFileType = sourcecode.javascript; path = tool.js; sourceTree = "<group>"; };
		AD1B91D61325B06D0065792D /* toys.js */ = {isa = PBXFileReference; fileEncoding = 4; lastKnownFileType = sourcecode.javascript; path = toys.js; sourceTree = "<group>"; };
		AD1B91D71325B06D0065792D /* trigo.js */ = {isa = PBXFileReference; fileEncoding = 4; lastKnownFileType = sourcecode.javascript; path = trigo.js; sourceTree = "<group>"; };
		AD1B91DA1325B06D0065792D /* akibahero-mapper.html */ = {isa = PBXFileReference; fileEncoding = 4; lastKnownFileType = text.html; path = "akibahero-mapper.html"; sourceTree = "<group>"; };
		AD1B91DC1325B06D0065792D /* empty.png */ = {isa = PBXFileReference; lastKnownFileType = image.png; path = empty.png; sourceTree = "<group>"; };
		AD1B91DE1325B06D0065792D /* gridgenerator.js */ = {isa = PBXFileReference; fileEncoding = 4; lastKnownFileType = sourcecode.javascript; path = gridgenerator.js; sourceTree = "<group>"; };
		AD1B91DF1325B06D0065792D /* index.html */ = {isa = PBXFileReference; fileEncoding = 4; lastKnownFileType = text.html; path = index.html; sourceTree = "<group>"; };
		AD1B91E01325B06D0065792D /* templates.js */ = {isa = PBXFileReference; fileEncoding = 4; lastKnownFileType = sourcecode.javascript; path = templates.js; sourceTree = "<group>"; };
		AD1B91E11325B06D0065792D /* makecore.sh */ = {isa = PBXFileReference; fileEncoding = 4; lastKnownFileType = text.script.sh; path = makecore.sh; sourceTree = "<group>"; };
		AD1B91E21325B06D0065792D /* game-tlol.html */ = {isa = PBXFileReference; fileEncoding = 4; lastKnownFileType = text.html; name = "game-tlol.html"; path = "www/game-tlol.html"; sourceTree = "<group>"; };
		AD1B91E31325B06D0065792D /* phonegap.0.9.4.js */ = {isa = PBXFileReference; fileEncoding = 4; lastKnownFileType = sourcecode.javascript; name = phonegap.0.9.4.js; path = www/phonegap.0.9.4.js; sourceTree = "<group>"; };
		AD1B91E41325B06D0065792D /* phonegap.0.9.4.min.js */ = {isa = PBXFileReference; fileEncoding = 4; lastKnownFileType = sourcecode.javascript; name = phonegap.0.9.4.min.js; path = www/phonegap.0.9.4.min.js; sourceTree = "<group>"; };
/* End PBXFileReference section */

/* Begin PBXFrameworksBuildPhase section */
		1D60588F0D05DD3D006BFB54 /* Frameworks */ = {
			isa = PBXFrameworksBuildPhase;
			buildActionMask = 2147483647;
			files = (
				301BF552109A68D80062928A /* libPhoneGapLib.a in Frameworks */,
				1D60589F0D05DD5A006BFB54 /* Foundation.framework in Frameworks */,
				1DF5F4E00D08C38300B7A737 /* UIKit.framework in Frameworks */,
				288765FD0DF74451002DB57D /* CoreGraphics.framework in Frameworks */,
				301BF5B5109A6A2B0062928A /* AddressBook.framework in Frameworks */,
				301BF5B7109A6A2B0062928A /* AddressBookUI.framework in Frameworks */,
				301BF5B9109A6A2B0062928A /* AudioToolbox.framework in Frameworks */,
				301BF5BB109A6A2B0062928A /* AVFoundation.framework in Frameworks */,
				301BF5BD109A6A2B0062928A /* CFNetwork.framework in Frameworks */,
				301BF5BF109A6A2B0062928A /* CoreLocation.framework in Frameworks */,
				301BF5C1109A6A2B0062928A /* MediaPlayer.framework in Frameworks */,
				301BF5C3109A6A2B0062928A /* QuartzCore.framework in Frameworks */,
				301BF5C5109A6A2B0062928A /* SystemConfiguration.framework in Frameworks */,
				305D5FD1115AB8F900A74A75 /* MobileCoreServices.framework in Frameworks */,
			);
			runOnlyForDeploymentPostprocessing = 0;
		};
/* End PBXFrameworksBuildPhase section */

/* Begin PBXGroup section */
		080E96DDFE201D6D7F000001 /* Classes */ = {
			isa = PBXGroup;
			children = (
				1D3623240D0F684500981E51 /* HelloWorldAppDelegate.h */,
				1D3623250D0F684500981E51 /* HelloWorldAppDelegate.m */,
			);
			path = Classes;
			sourceTree = SOURCE_ROOT;
		};
		19C28FACFE9D520D11CA2CBB /* Products */ = {
			isa = PBXGroup;
			children = (
				1D6058910D05DD3D006BFB54 /* HelloWorld.app */,
			);
			name = Products;
			sourceTree = "<group>";
		};
		29B97314FDCFA39411CA2CEA /* CustomTemplate */ = {
			isa = PBXGroup;
			children = (
				301BF56E109A69640062928A /* www */,
				AD1B91981325B06D0065792D /* akihabara */,
				AD1B91D81325B06D0065792D /* extras */,
				AD1B91E21325B06D0065792D /* game-tlol.html */,
				AD1B91E31325B06D0065792D /* phonegap.0.9.4.js */,
				AD1B91E41325B06D0065792D /* phonegap.0.9.4.min.js */,
				301BF52D109A57CC0062928A /* PhoneGapLib.xcodeproj */,
				080E96DDFE201D6D7F000001 /* Classes */,
				307C750510C5A3420062BCA9 /* Plugins */,
				29B97315FDCFA39411CA2CEA /* Other Sources */,
				29B97317FDCFA39411CA2CEA /* Resources */,
				29B97323FDCFA39411CA2CEA /* Frameworks */,
				19C28FACFE9D520D11CA2CBB /* Products */,
			);
			name = CustomTemplate;
			sourceTree = "<group>";
		};
		29B97315FDCFA39411CA2CEA /* Other Sources */ = {
			isa = PBXGroup;
			children = (
				32CA4F630368D1EE00C91783 /* HelloWorld_Prefix.pch */,
				29B97316FDCFA39411CA2CEA /* main.m */,
			);
			name = "Other Sources";
			sourceTree = "<group>";
		};
		29B97317FDCFA39411CA2CEA /* Resources */ = {
			isa = PBXGroup;
			children = (
				3009C2AF127B8962007F4BC6 /* splash */,
				3009C2AE127B8952007F4BC6 /* icons */,
				30E1352610E2C1420031B30D /* PhoneGap.plist */,
				3053AC6E109B7857006FCFE7 /* VERSION */,
				8D1107310486CEB800E47090 /* HelloWorld-Info.plist */,
				307D28A1123043350040C0FA /* PhoneGapBuildSettings.xcconfig */,
			);
			name = Resources;
			sourceTree = "<group>";
		};
		29B97323FDCFA39411CA2CEA /* Frameworks */ = {
			isa = PBXGroup;
			children = (
				1DF5F4DF0D08C38300B7A737 /* UIKit.framework */,
				1D30AB110D05D00D00671497 /* Foundation.framework */,
				288765FC0DF74451002DB57D /* CoreGraphics.framework */,
				301BF5B4109A6A2B0062928A /* AddressBook.framework */,
				301BF5B6109A6A2B0062928A /* AddressBookUI.framework */,
				301BF5B8109A6A2B0062928A /* AudioToolbox.framework */,
				301BF5BA109A6A2B0062928A /* AVFoundation.framework */,
				301BF5BC109A6A2B0062928A /* CFNetwork.framework */,
				301BF5BE109A6A2B0062928A /* CoreLocation.framework */,
				301BF5C0109A6A2B0062928A /* MediaPlayer.framework */,
				301BF5C2109A6A2B0062928A /* QuartzCore.framework */,
				301BF5C4109A6A2B0062928A /* SystemConfiguration.framework */,
				305D5FD0115AB8F900A74A75 /* MobileCoreServices.framework */,
			);
			name = Frameworks;
			sourceTree = "<group>";
		};
		3009C2AE127B8952007F4BC6 /* icons */ = {
			isa = PBXGroup;
			children = (
				3009C2AA127B894C007F4BC6 /* icon-72.png */,
				3009C2AB127B894C007F4BC6 /* icon@2x.png */,
				302CC88710CD8CCE00C49659 /* icon.png */,
			);
			name = icons;
			sourceTree = "<group>";
		};
		3009C2AF127B8962007F4BC6 /* splash */ = {
			isa = PBXGroup;
			children = (
				3009C2B0127B897D007F4BC6 /* Default-Landscape.png */,
				3009C2B1127B897D007F4BC6 /* Default-Portrait.png */,
				302CC88610CD8CCE00C49659 /* Default.png */,
			);
			name = splash;
			sourceTree = "<group>";
		};
		301BF52E109A57CC0062928A /* Products */ = {
			isa = PBXGroup;
			children = (
				301BF535109A57CC0062928A /* libPhoneGapLib.a */,
			);
			name = Products;
			sourceTree = "<group>";
		};
		307C750510C5A3420062BCA9 /* Plugins */ = {
			isa = PBXGroup;
			children = (
			);
			path = Plugins;
			sourceTree = SOURCE_ROOT;
		};
		AD1B91981325B06D0065792D /* akihabara */ = {
			isa = PBXGroup;
			children = (
				AD1B91991325B06D0065792D /* buttons.png */,
				AD1B919A1325B06D0065792D /* debugfont.png */,
				AD1B919B1325B06D0065792D /* docs */,
				AD1B91CC1325B06D0065792D /* dpad.png */,
				AD1B91CD1325B06D0065792D /* fretboard.png */,
				AD1B91CE1325B06D0065792D /* gamecycle.js */,
				AD1B91CF1325B06D0065792D /* gbox.js */,
				AD1B91D01325B06D0065792D /* help.js */,
				AD1B91D11325B06D0065792D /* iphofretboard.js */,
				AD1B91D21325B06D0065792D /* iphopad.js */,
				AD1B91D31325B06D0065792D /* padbg.png */,
				AD1B91D41325B06D0065792D /* splash.png */,
				AD1B91D51325B06D0065792D /* tool.js */,
				AD1B91D61325B06D0065792D /* toys.js */,
				AD1B91D71325B06D0065792D /* trigo.js */,
			);
			name = akihabara;
			path = www/akihabara;
			sourceTree = "<group>";
		};
		AD1B919B1325B06D0065792D /* docs */ = {
			isa = PBXGroup;
			children = (
				AD1B919C1325B06D0065792D /* code.css */,
				AD1B919D1325B06D0065792D /* css */,
				AD1B919F1325B06D0065792D /* default.css */,
				AD1B91A01325B06D0065792D /* files.html */,
				AD1B91A11325B06D0065792D /* images */,
				AD1B91B11325B06D0065792D /* index.html */,
				AD1B91B21325B06D0065792D /* jproton.js */,
				AD1B91B31325B06D0065792D /* sh.css */,
				AD1B91B41325B06D0065792D /* sh.js */,
				AD1B91B51325B06D0065792D /* symbols */,
				AD1B91CB1325B06D0065792D /* ui.js */,
			);
			path = docs;
			sourceTree = "<group>";
		};
		AD1B919D1325B06D0065792D /* css */ = {
			isa = PBXGroup;
			children = (
				AD1B919E1325B06D0065792D /* default.css */,
			);
			path = css;
			sourceTree = "<group>";
		};
		AD1B91A11325B06D0065792D /* images */ = {
			isa = PBXGroup;
			children = (
				AD1B91A21325B06D0065792D /* bg.png */,
				AD1B91A31325B06D0065792D /* class_default_obj.png */,
				AD1B91A41325B06D0065792D /* class_obj.png */,
				AD1B91A51325B06D0065792D /* collapsebtn.gif */,
				AD1B91A61325B06D0065792D /* expandbtn.gif */,
				AD1B91A71325B06D0065792D /* field_private_obj.png */,
				AD1B91A81325B06D0065792D /* field_public_obj.png */,
				AD1B91A91325B06D0065792D /* file_obj.png */,
				AD1B91AA1325B06D0065792D /* method_private_obj.png */,
				AD1B91AB1325B06D0065792D /* method_public_obj.png */,
				AD1B91AC1325B06D0065792D /* minus.gif */,
				AD1B91AD1325B06D0065792D /* namespace_function_obj.png */,
				AD1B91AE1325B06D0065792D /* namespace_obj.png */,
				AD1B91AF1325B06D0065792D /* never_translate.png */,
				AD1B91B01325B06D0065792D /* plus.gif */,
			);
			path = images;
			sourceTree = "<group>";
		};
		AD1B91B51325B06D0065792D /* symbols */ = {
			isa = PBXGroup;
			children = (
				AD1B91B61325B06D0065792D /* _global_.html */,
				AD1B91B71325B06D0065792D /* gamecycle.html */,
				AD1B91B81325B06D0065792D /* gbox.html */,
				AD1B91B91325B06D0065792D /* help.html */,
				AD1B91BA1325B06D0065792D /* iphopad.html */,
				AD1B91BB1325B06D0065792D /* src */,
				AD1B91C41325B06D0065792D /* tool.html */,
				AD1B91C51325B06D0065792D /* toys.html */,
				AD1B91C61325B06D0065792D /* toys.platformer.html */,
				AD1B91C71325B06D0065792D /* toys.shmup.html */,
				AD1B91C81325B06D0065792D /* toys.timer.html */,
				AD1B91C91325B06D0065792D /* toys.topview.html */,
				AD1B91CA1325B06D0065792D /* trigo.html */,
			);
			path = symbols;
			sourceTree = "<group>";
		};
		AD1B91BB1325B06D0065792D /* src */ = {
			isa = PBXGroup;
			children = (
				AD1B91BC1325B06D0065792D /* c__Users_Darius_Desktop_akihabara-1.1_kesiev_akihabara_akihabara_gamecycle.js.html */,
				AD1B91BD1325B06D0065792D /* c__Users_Darius_Desktop_akihabara-1.1_kesiev_akihabara_akihabara_gbox.js.html */,
				AD1B91BE1325B06D0065792D /* c__Users_Darius_Desktop_akihabara-1.1_kesiev_akihabara_akihabara_help.js.html */,
				AD1B91BF1325B06D0065792D /* c__Users_Darius_Desktop_akihabara-1.1_kesiev_akihabara_akihabara_iphofretboard.js.html */,
				AD1B91C01325B06D0065792D /* c__Users_Darius_Desktop_akihabara-1.1_kesiev_akihabara_akihabara_iphopad.js.html */,
				AD1B91C11325B06D0065792D /* c__Users_Darius_Desktop_akihabara-1.1_kesiev_akihabara_akihabara_tool.js.html */,
				AD1B91C21325B06D0065792D /* c__Users_Darius_Desktop_akihabara-1.1_kesiev_akihabara_akihabara_toys.js.html */,
				AD1B91C31325B06D0065792D /* c__Users_Darius_Desktop_akihabara-1.1_kesiev_akihabara_akihabara_trigo.js.html */,
			);
			path = src;
			sourceTree = "<group>";
		};
		AD1B91D81325B06D0065792D /* extras */ = {
			isa = PBXGroup;
			children = (
				AD1B91D91325B06D0065792D /* AkibaHero */,
				AD1B91DB1325B06D0065792D /* AkibaKa */,
				AD1B91E11325B06D0065792D /* makecore.sh */,
			);
			name = extras;
			path = www/extras;
			sourceTree = "<group>";
		};
		AD1B91D91325B06D0065792D /* AkibaHero */ = {
			isa = PBXGroup;
			children = (
				AD1B91DA1325B06D0065792D /* akibahero-mapper.html */,
			);
			path = AkibaHero;
			sourceTree = "<group>";
		};
		AD1B91DB1325B06D0065792D /* AkibaKa */ = {
			isa = PBXGroup;
			children = (
				AD1B91DC1325B06D0065792D /* empty.png */,
				AD1B91DD1325B06D0065792D /* extras */,
				AD1B91DF1325B06D0065792D /* index.html */,
				AD1B91E01325B06D0065792D /* templates.js */,
			);
			path = AkibaKa;
			sourceTree = "<group>";
		};
		AD1B91DD1325B06D0065792D /* extras */ = {
			isa = PBXGroup;
			children = (
				AD1B91DE1325B06D0065792D /* gridgenerator.js */,
			);
			path = extras;
			sourceTree = "<group>";
		};
/* End PBXGroup section */

/* Begin PBXNativeTarget section */
		1D6058900D05DD3D006BFB54 /* HelloWorld */ = {
			isa = PBXNativeTarget;
			buildConfigurationList = 1D6058960D05DD3E006BFB54 /* Build configuration list for PBXNativeTarget "HelloWorld" */;
			buildPhases = (
				30E9A9A110B758320022D3BA /* Copy PhoneGap Javascript */,
				304B58A110DAC018002A0835 /* Touch www folder */,
				1D60588D0D05DD3D006BFB54 /* Resources */,
				1D60588E0D05DD3D006BFB54 /* Sources */,
				1D60588F0D05DD3D006BFB54 /* Frameworks */,
			);
			buildRules = (
			);
			dependencies = (
				301BF551109A68C00062928A /* PBXTargetDependency */,
			);
			name = HelloWorld;
			productName = HelloWorld;
			productReference = 1D6058910D05DD3D006BFB54 /* HelloWorld.app */;
			productType = "com.apple.product-type.application";
		};
/* End PBXNativeTarget section */

/* Begin PBXProject section */
		29B97313FDCFA39411CA2CEA /* Project object */ = {
			isa = PBXProject;
			buildConfigurationList = C01FCF4E08A954540054247B /* Build configuration list for PBXProject "HelloWorld" */;
			compatibilityVersion = "Xcode 3.1";
			developmentRegion = English;
			hasScannedForEncodings = 1;
			knownRegions = (
				English,
				Japanese,
				French,
				German,
			);
			mainGroup = 29B97314FDCFA39411CA2CEA /* CustomTemplate */;
			projectDirPath = "";
			projectReferences = (
				{
					ProductGroup = 301BF52E109A57CC0062928A /* Products */;
					ProjectRef = 301BF52D109A57CC0062928A /* PhoneGapLib.xcodeproj */;
				},
			);
			projectRoot = "";
			targets = (
				1D6058900D05DD3D006BFB54 /* HelloWorld */,
			);
		};
/* End PBXProject section */

/* Begin PBXReferenceProxy section */
		301BF535109A57CC0062928A /* libPhoneGapLib.a */ = {
			isa = PBXReferenceProxy;
			fileType = archive.ar;
			path = libPhoneGapLib.a;
			remoteRef = 301BF534109A57CC0062928A /* PBXContainerItemProxy */;
			sourceTree = BUILT_PRODUCTS_DIR;
		};
/* End PBXReferenceProxy section */

/* Begin PBXResourcesBuildPhase section */
		1D60588D0D05DD3D006BFB54 /* Resources */ = {
			isa = PBXResourcesBuildPhase;
			buildActionMask = 2147483647;
			files = (
				301BF570109A69640062928A /* www in Resources */,
				3053AC6F109B7857006FCFE7 /* VERSION in Resources */,
				302CC88810CD8CCE00C49659 /* Default.png in Resources */,
				302CC88910CD8CCE00C49659 /* icon.png in Resources */,
				30E1352710E2C1420031B30D /* PhoneGap.plist in Resources */,
				307D28A2123043360040C0FA /* PhoneGapBuildSettings.xcconfig in Resources */,
				3009C2AC127B894C007F4BC6 /* icon-72.png in Resources */,
				3009C2AD127B894C007F4BC6 /* icon@2x.png in Resources */,
				3009C2B2127B897D007F4BC6 /* Default-Landscape.png in Resources */,
				3009C2B3127B897D007F4BC6 /* Default-Portrait.png in Resources */,
				AD1B91E51325B06D0065792D /* buttons.png in Resources */,
				AD1B91E61325B06D0065792D /* debugfont.png in Resources */,
				AD1B91E71325B06D0065792D /* code.css in Resources */,
				AD1B91E81325B06D0065792D /* default.css in Resources */,
				AD1B91E91325B06D0065792D /* default.css in Resources */,
				AD1B91EA1325B06D0065792D /* files.html in Resources */,
				AD1B91EB1325B06D0065792D /* bg.png in Resources */,
				AD1B91EC1325B06D0065792D /* class_default_obj.png in Resources */,
				AD1B91ED1325B06D0065792D /* class_obj.png in Resources */,
				AD1B91EE1325B06D0065792D /* collapsebtn.gif in Resources */,
				AD1B91EF1325B06D0065792D /* expandbtn.gif in Resources */,
				AD1B91F01325B06D0065792D /* field_private_obj.png in Resources */,
				AD1B91F11325B06D0065792D /* field_public_obj.png in Resources */,
				AD1B91F21325B06D0065792D /* file_obj.png in Resources */,
				AD1B91F31325B06D0065792D /* method_private_obj.png in Resources */,
				AD1B91F41325B06D0065792D /* method_public_obj.png in Resources */,
				AD1B91F51325B06D0065792D /* minus.gif in Resources */,
				AD1B91F61325B06D0065792D /* namespace_function_obj.png in Resources */,
				AD1B91F71325B06D0065792D /* namespace_obj.png in Resources */,
				AD1B91F81325B06D0065792D /* never_translate.png in Resources */,
				AD1B91F91325B06D0065792D /* plus.gif in Resources */,
				AD1B91FA1325B06D0065792D /* index.html in Resources */,
				AD1B91FC1325B06D0065792D /* sh.css in Resources */,
				AD1B91FE1325B06D0065792D /* _global_.html in Resources */,
				AD1B91FF1325B06D0065792D /* gamecycle.html in Resources */,
				AD1B92001325B06D0065792D /* gbox.html in Resources */,
				AD1B92011325B06D0065792D /* help.html in Resources */,
				AD1B92021325B06D0065792D /* iphopad.html in Resources */,
				AD1B92031325B06D0065792D /* c__Users_Darius_Desktop_akihabara-1.1_kesiev_akihabara_akihabara_gamecycle.js.html in Resources */,
				AD1B92041325B06D0065792D /* c__Users_Darius_Desktop_akihabara-1.1_kesiev_akihabara_akihabara_gbox.js.html in Resources */,
				AD1B92051325B06D0065792D /* c__Users_Darius_Desktop_akihabara-1.1_kesiev_akihabara_akihabara_help.js.html in Resources */,
				AD1B92061325B06D0065792D /* c__Users_Darius_Desktop_akihabara-1.1_kesiev_akihabara_akihabara_iphofretboard.js.html in Resources */,
				AD1B92071325B06D0065792D /* c__Users_Darius_Desktop_akihabara-1.1_kesiev_akihabara_akihabara_iphopad.js.html in Resources */,
				AD1B92081325B06D0065792D /* c__Users_Darius_Desktop_akihabara-1.1_kesiev_akihabara_akihabara_tool.js.html in Resources */,
				AD1B92091325B06D0065792D /* c__Users_Darius_Desktop_akihabara-1.1_kesiev_akihabara_akihabara_toys.js.html in Resources */,
				AD1B920A1325B06D0065792D /* c__Users_Darius_Desktop_akihabara-1.1_kesiev_akihabara_akihabara_trigo.js.html in Resources */,
				AD1B920B1325B06D0065792D /* tool.html in Resources */,
				AD1B920C1325B06D0065792D /* toys.html in Resources */,
				AD1B920D1325B06D0065792D /* toys.platformer.html in Resources */,
				AD1B920E1325B06D0065792D /* toys.shmup.html in Resources */,
				AD1B920F1325B06D0065792D /* toys.timer.html in Resources */,
				AD1B92101325B06D0065792D /* toys.topview.html in Resources */,
				AD1B92111325B06D0065792D /* trigo.html in Resources */,
				AD1B92131325B06D0065792D /* dpad.png in Resources */,
				AD1B92141325B06D0065792D /* fretboard.png in Resources */,
				AD1B921A1325B06D0065792D /* padbg.png in Resources */,
				AD1B921B1325B06D0065792D /* splash.png in Resources */,
				AD1B921F1325B06D0065792D /* akibahero-mapper.html in Resources */,
				AD1B92201325B06D0065792D /* empty.png in Resources */,
				AD1B92221325B06D0065792D /* index.html in Resources */,
				AD1B92241325B06D0065792D /* makecore.sh in Resources */,
				AD1B92251325B06D0065792D /* game-tlol.html in Resources */,
			);
			runOnlyForDeploymentPostprocessing = 0;
		};
/* End PBXResourcesBuildPhase section */

/* Begin PBXShellScriptBuildPhase section */
		304B58A110DAC018002A0835 /* Touch www folder */ = {
			isa = PBXShellScriptBuildPhase;
			buildActionMask = 2147483647;
			files = (
			);
			inputPaths = (
			);
			name = "Touch www folder";
			outputPaths = (
			);
			runOnlyForDeploymentPostprocessing = 0;
			shellPath = /bin/sh;
			shellScript = "touch -cm ${PROJECT_DIR}/www";
		};
		30E9A9A110B758320022D3BA /* Copy PhoneGap Javascript */ = {
			isa = PBXShellScriptBuildPhase;
			buildActionMask = 2147483647;
			files = (
			);
			inputPaths = (
			);
			name = "Copy PhoneGap Javascript";
			outputPaths = (
			);
			runOnlyForDeploymentPostprocessing = 0;
			shellPath = /bin/sh;
			shellScript = "# get the PhoneGapLib version\nexport pgver=`head -1 ${PHONEGAPLIB}/VERSION`\n\n# compile and copy PhoneGapLib\nmake -C \"${PHONEGAPLIB}\"\necho cp ${PHONEGAPLIB}/javascripts/phonegap.*.js ${PROJECT_DIR}/www\ncp ${PHONEGAPLIB}/javascripts/phonegap.*.js ${PROJECT_DIR}/www\n\n# replace [src=\"phonegap.js\"] in all files in www\nfind ${PROJECT_DIR}/www | xargs grep 'src[ \t]*=[ \t]*[\\\\'\\\"]phonegap.*.*.js[\\\\'\\\"]' -sl | xargs -L1 sed -i \"\" \"s/src[ \t]*=[ \t]*[\\\\'\\\"]phonegap.*.*.js[\\\\'\\\"]/src=\\\"phonegap.${pgver}.min.js\\\"/g\"";
		};
/* End PBXShellScriptBuildPhase section */

/* Begin PBXSourcesBuildPhase section */
		1D60588E0D05DD3D006BFB54 /* Sources */ = {
			isa = PBXSourcesBuildPhase;
			buildActionMask = 2147483647;
			files = (
				1D60589B0D05DD56006BFB54 /* main.m in Sources */,
				1D3623260D0F684500981E51 /* HelloWorldAppDelegate.m in Sources */,
				AD1B91FB1325B06D0065792D /* jproton.js in Sources */,
				AD1B91FD1325B06D0065792D /* sh.js in Sources */,
				AD1B92121325B06D0065792D /* ui.js in Sources */,
				AD1B92151325B06D0065792D /* gamecycle.js in Sources */,
				AD1B92161325B06D0065792D /* gbox.js in Sources */,
				AD1B92171325B06D0065792D /* help.js in Sources */,
				AD1B92181325B06D0065792D /* iphofretboard.js in Sources */,
				AD1B92191325B06D0065792D /* iphopad.js in Sources */,
				AD1B921C1325B06D0065792D /* tool.js in Sources */,
				AD1B921D1325B06D0065792D /* toys.js in Sources */,
				AD1B921E1325B06D0065792D /* trigo.js in Sources */,
				AD1B92211325B06D0065792D /* gridgenerator.js in Sources */,
				AD1B92231325B06D0065792D /* templates.js in Sources */,
				AD1B92261325B06D0065792D /* phonegap.0.9.4.js in Sources */,
				AD1B92271325B06D0065792D /* phonegap.0.9.4.min.js in Sources */,
			);
			runOnlyForDeploymentPostprocessing = 0;
		};
/* End PBXSourcesBuildPhase section */

/* Begin PBXTargetDependency section */
		301BF551109A68C00062928A /* PBXTargetDependency */ = {
			isa = PBXTargetDependency;
			name = PhoneGapLib;
			targetProxy = 301BF550109A68C00062928A /* PBXContainerItemProxy */;
		};
/* End PBXTargetDependency section */

/* Begin XCBuildConfiguration section */
		1D6058940D05DD3E006BFB54 /* Debug */ = {
			isa = XCBuildConfiguration;
			buildSettings = {
				ALWAYS_SEARCH_USER_PATHS = NO;
				COPY_PHASE_STRIP = NO;
				GCC_DYNAMIC_NO_PIC = NO;
				GCC_OPTIMIZATION_LEVEL = 0;
				GCC_PRECOMPILE_PREFIX_HEADER = YES;
				GCC_PREFIX_HEADER = HelloWorld_Prefix.pch;
				INFOPLIST_FILE = "HelloWorld-Info.plist";
				PRODUCT_NAME = HelloWorld;
			};
			name = Debug;
		};
		1D6058950D05DD3E006BFB54 /* Release */ = {
			isa = XCBuildConfiguration;
			buildSettings = {
				ALWAYS_SEARCH_USER_PATHS = NO;
				COPY_PHASE_STRIP = YES;
				GCC_PRECOMPILE_PREFIX_HEADER = YES;
				GCC_PREFIX_HEADER = HelloWorld_Prefix.pch;
				INFOPLIST_FILE = "HelloWorld-Info.plist";
				PRODUCT_NAME = HelloWorld;
			};
			name = Release;
		};
		C01FCF4F08A954540054247B /* Debug */ = {
			isa = XCBuildConfiguration;
			baseConfigurationReference = 307D28A1123043350040C0FA /* PhoneGapBuildSettings.xcconfig */;
			buildSettings = {
				ARCHS = "$(ARCHS_STANDARD_32_BIT)";
				"CODE_SIGN_IDENTITY[sdk=iphoneos*]" = "iPhone Developer";
				GCC_C_LANGUAGE_STANDARD = c99;
				GCC_WARN_ABOUT_RETURN_TYPE = YES;
				GCC_WARN_UNUSED_VARIABLE = YES;
				IPHONEOS_DEPLOYMENT_TARGET = 3.0;
				OTHER_LDFLAGS = (
					"-all_load",
					"-Obj-C",
				);
				PREBINDING = NO;
				SDKROOT = iphoneos;
				USER_HEADER_SEARCH_PATHS = "$(PHONEGAPLIB)/Classes/JSON $(PHONEGAPLIB)/Classes";
			};
			name = Debug;
		};
		C01FCF5008A954540054247B /* Release */ = {
			isa = XCBuildConfiguration;
			baseConfigurationReference = 307D28A1123043350040C0FA /* PhoneGapBuildSettings.xcconfig */;
			buildSettings = {
				ARCHS = "$(ARCHS_STANDARD_32_BIT)";
				"CODE_SIGN_IDENTITY[sdk=iphoneos*]" = "iPhone Developer";
				GCC_C_LANGUAGE_STANDARD = c99;
				GCC_WARN_ABOUT_RETURN_TYPE = YES;
				GCC_WARN_UNUSED_VARIABLE = YES;
				IPHONEOS_DEPLOYMENT_TARGET = 3.0;
				OTHER_LDFLAGS = (
					"-all_load",
					"-Obj-C",
				);
				PREBINDING = NO;
				SDKROOT = iphoneos;
				USER_HEADER_SEARCH_PATHS = "$(PHONEGAPLIB)/Classes/JSON $(PHONEGAPLIB)/Classes";
			};
			name = Release;
		};
/* End XCBuildConfiguration section */

/* Begin XCConfigurationList section */
		1D6058960D05DD3E006BFB54 /* Build configuration list for PBXNativeTarget "HelloWorld" */ = {
			isa = XCConfigurationList;
			buildConfigurations = (
				1D6058940D05DD3E006BFB54 /* Debug */,
				1D6058950D05DD3E006BFB54 /* Release */,
			);
			defaultConfigurationIsVisible = 0;
			defaultConfigurationName = Release;
		};
		C01FCF4E08A954540054247B /* Build configuration list for PBXProject "HelloWorld" */ = {
			isa = XCConfigurationList;
			buildConfigurations = (
				C01FCF4F08A954540054247B /* Debug */,
				C01FCF5008A954540054247B /* Release */,
			);
			defaultConfigurationIsVisible = 0;
			defaultConfigurationName = Release;
		};
/* End XCConfigurationList section */
	};
	rootObject = 29B97313FDCFA39411CA2CEA /* Project object */;
}
